
Microsoft Visual Studio Solution File, Format Version 12.00
# Visual Studio Version 16
VisualStudioVersion = 16.0.29519.87
MinimumVisualStudioVersion = 10.0.40219.1
Project("{9A19103F-16F7-4668-BE54-9A1E7A4F7556}") = "BookStore", "BookStore.csproj", "{932160FA-9914-4C67-80ED-2C6851494D53}"
EndProject
Global
	GlobalSection(SolutionConfigurationPlatforms) = preSolution
		Debug|Any CPU = Debug|Any CPU
		Release|Any CPU = Release|Any CPU
	EndGlobalSection
	GlobalSection(ProjectConfigurationPlatforms) = postSolution
		{932160FA-9914-4C67-80ED-2C6851494D53}.Debug|Any CPU.ActiveCfg = Debug|Any CPU
		{932160FA-9914-4C67-80ED-2C6851494D53}.Debug|Any CPU.Build.0 = Debug|Any CPU
		{932160FA-9914-4C67-80ED-2C6851494D53}.Release|Any CPU.ActiveCfg = Release|Any CPU
		{932160FA-9914-4C67-80ED-2C6851494D53}.Release|Any CPU.Build.0 = Release|Any CPU
	EndGlobalSection
	GlobalSection(SolutionProperties) = preSolution
		HideSolutionNode = FALSE
	EndGlobalSection
	GlobalSection(ExtensibilityGlobals) = postSolution
		SolutionGuid = {F25CA9DA-866C-46B8-A0C0-290432628544}
	EndGlobalSection
EndGlobal
